
Microsoft Visual Studio Solution File, Format Version 12.00
# Visual Studio Version 17
VisualStudioVersion = 17.9.34902.65
MinimumVisualStudioVersion = 10.0.40219.1
Project("{FAE04EC0-301F-11D3-BF4B-00C04F79EFBC}") = "Sushi.Kql", "Sushi.Kql\Sushi.Kql.csproj", "{4FE36607-57CD-4711-85AC-11728ECC4984}"
EndProject
Global
	GlobalSection(SolutionConfigurationPlatforms) = preSolution
		Debug|Any CPU = Debug|Any CPU
		Release|Any CPU = Release|Any CPU
	EndGlobalSection
	GlobalSection(ProjectConfigurationPlatforms) = postSolution
		{4FE36607-57CD-4711-85AC-11728ECC4984}.Debug|Any CPU.ActiveCfg = Debug|Any CPU
		{4FE36607-57CD-4711-85AC-11728ECC4984}.Debug|Any CPU.Build.0 = Debug|Any CPU
		{4FE36607-57CD-4711-85AC-11728ECC4984}.Release|Any CPU.ActiveCfg = Release|Any CPU
		{4FE36607-57CD-4711-85AC-11728ECC4984}.Release|Any CPU.Build.0 = Release|Any CPU
	EndGlobalSection
	GlobalSection(SolutionProperties) = preSolution
		HideSolutionNode = FALSE
	EndGlobalSection
	GlobalSection(ExtensibilityGlobals) = postSolution
		SolutionGuid = {87F78B9F-DB97-41C9-9B93-3438C37AD2C2}
	EndGlobalSection
EndGlobal
